
Microsoft Visual Studio Solution File, Format Version 12.00
# Visual Studio Version 17
VisualStudioVersion = 17.0.32112.339
MinimumVisualStudioVersion = 10.0.40219.1
Project("{9A19103F-16F7-4668-BE54-9A1E7A4F7556}") = "NLayer.Core", "NLayer.Core\NLayer.Core.csproj", "{5E86024D-4E98-4DDC-A81F-83397FCDAC44}"
EndProject
Project("{9A19103F-16F7-4668-BE54-9A1E7A4F7556}") = "NLayer.Repository", "NLayer.Repository\NLayer.Repository.csproj", "{169F4DD9-9BBE-49AF-9C50-5FD6BB23A294}"
EndProject
Project("{9A19103F-16F7-4668-BE54-9A1E7A4F7556}") = "NLayer.Service", "NLayer.Service\NLayer.Service.csproj", "{9C15A795-9B21-4448-B0C0-26E845ED6BD5}"
EndProject
Project("{9A19103F-16F7-4668-BE54-9A1E7A4F7556}") = "NLayer.API", "NLayer.API\NLayer.API.csproj", "{2A93198A-77F9-460B-92AE-C3122039F985}"
EndProject
Project("{9A19103F-16F7-4668-BE54-9A1E7A4F7556}") = "NLayer.Web", "NLayer.Web\NLayer.Web.csproj", "{A1D5D0C3-1E1F-46BE-B435-8112030011B6}"
EndProject
Project("{9A19103F-16F7-4668-BE54-9A1E7A4F7556}") = "NLayer.Caching", "NLayer.Caching\NLayer.Caching.csproj", "{54D6C498-949A-4A60-91D5-6BDFE35E2499}"
EndProject
Global
	GlobalSection(SolutionConfigurationPlatforms) = preSolution
		Debug|Any CPU = Debug|Any CPU
		Release|Any CPU = Release|Any CPU
	EndGlobalSection
	GlobalSection(ProjectConfigurationPlatforms) = postSolution
		{5E86024D-4E98-4DDC-A81F-83397FCDAC44}.Debug|Any CPU.ActiveCfg = Debug|Any CPU
		{5E86024D-4E98-4DDC-A81F-83397FCDAC44}.Debug|Any CPU.Build.0 = Debug|Any CPU
		{5E86024D-4E98-4DDC-A81F-83397FCDAC44}.Release|Any CPU.ActiveCfg = Release|Any CPU
		{5E86024D-4E98-4DDC-A81F-83397FCDAC44}.Release|Any CPU.Build.0 = Release|Any CPU
		{169F4DD9-9BBE-49AF-9C50-5FD6BB23A294}.Debug|Any CPU.ActiveCfg = Debug|Any CPU
		{169F4DD9-9BBE-49AF-9C50-5FD6BB23A294}.Debug|Any CPU.Build.0 = Debug|Any CPU
		{169F4DD9-9BBE-49AF-9C50-5FD6BB23A294}.Release|Any CPU.ActiveCfg = Release|Any CPU
		{169F4DD9-9BBE-49AF-9C50-5FD6BB23A294}.Release|Any CPU.Build.0 = Release|Any CPU
		{9C15A795-9B21-4448-B0C0-26E845ED6BD5}.Debug|Any CPU.ActiveCfg = Debug|Any CPU
		{9C15A795-9B21-4448-B0C0-26E845ED6BD5}.Debug|Any CPU.Build.0 = Debug|Any CPU
		{9C15A795-9B21-4448-B0C0-26E845ED6BD5}.Release|Any CPU.ActiveCfg = Release|Any CPU
		{9C15A795-9B21-4448-B0C0-26E845ED6BD5}.Release|Any CPU.Build.0 = Release|Any CPU
		{2A93198A-77F9-460B-92AE-C3122039F985}.Debug|Any CPU.ActiveCfg = Debug|Any CPU
		{2A93198A-77F9-460B-92AE-C3122039F985}.Debug|Any CPU.Build.0 = Debug|Any CPU
		{2A93198A-77F9-460B-92AE-C3122039F985}.Release|Any CPU.ActiveCfg = Release|Any CPU
		{2A93198A-77F9-460B-92AE-C3122039F985}.Release|Any CPU.Build.0 = Release|Any CPU
		{A1D5D0C3-1E1F-46BE-B435-8112030011B6}.Debug|Any CPU.ActiveCfg = Debug|Any CPU
		{A1D5D0C3-1E1F-46BE-B435-8112030011B6}.Debug|Any CPU.Build.0 = Debug|Any CPU
		{A1D5D0C3-1E1F-46BE-B435-8112030011B6}.Release|Any CPU.ActiveCfg = Release|Any CPU
		{A1D5D0C3-1E1F-46BE-B435-8112030011B6}.Release|Any CPU.Build.0 = Release|Any CPU
		{54D6C498-949A-4A60-91D5-6BDFE35E2499}.Debug|Any CPU.ActiveCfg = Debug|Any CPU
		{54D6C498-949A-4A60-91D5-6BDFE35E2499}.Debug|Any CPU.Build.0 = Debug|Any CPU
		{54D6C498-949A-4A60-91D5-6BDFE35E2499}.Release|Any CPU.ActiveCfg = Release|Any CPU
		{54D6C498-949A-4A60-91D5-6BDFE35E2499}.Release|Any CPU.Build.0 = Release|Any CPU
	EndGlobalSection
	GlobalSection(SolutionProperties) = preSolution
		HideSolutionNode = FALSE
	EndGlobalSection
	GlobalSection(ExtensibilityGlobals) = postSolution
		SolutionGuid = {B1FC0347-CCE0-43E6-BBAA-7119742FB9D7}
	EndGlobalSection
EndGlobal
